<?xml version="1.0" encoding="utf-8"?>
<Project ToolsVersion="4.0" xmlns="http://schemas.microsoft.com/developer/msbuild/2003">
  <ItemGroup>
    <Filter Include="Fichiers sources">
      <UniqueIdentifier>{4FC737F1-C7A5-4376-A066-2A32D752A2FF}</UniqueIdentifier>
      <Extensions>cpp;c;cc;cxx;c++;cppm;ixx;def;odl;idl;hpj;bat;asm;asmx</Extensions>
    </Filter>
    <Filter Include="Fichiers d%27en-tête">
      <UniqueIdentifier>{93995380-89BD-4b04-88EB-625FBE52EBFB}</UniqueIdentifier>
      <Extensions>h;hh;hpp;hxx;h++;hm;inl;inc;ipp;xsd</Extensions>
    </Filter>
    <Filter Include="Fichiers de ressources">
      <UniqueIdentifier>{67DA6AB6-F800-4c08-8B7A-83BB121AAD01}</UniqueIdentifier>
      <Extensions>rc;ico;cur;bmp;dlg;rc2;rct;bin;rgs;gif;jpg;jpeg;jpe;resx;tiff;tif;png;wav;mfcribbon-ms</Extensions>
    </Filter>
    <Filter Include="Fichiers d%27en-tête\Engine">
      <UniqueIdentifier>{7f68ae2f-75f9-46fc-bf0b-8420f1a332f2}</UniqueIdentifier>
    </Filter>
    <Filter Include="Fichiers d%27en-tête\Actors">
      <UniqueIdentifier>{96d7c114-5182-4107-81af-98c51e0084c4}</UniqueIdentifier>
    </Filter>
    <Filter Include="Fichiers d%27en-tête\Components">
      <UniqueIdentifier>{9bd57ad0-be43-4b0c-880f-5c9a8434f177}</UniqueIdentifier>
    </Filter>
    <Filter Include="Fichiers d%27en-tête\Engine\Maths">
      <UniqueIdentifier>{ec933d3a-cfb5-423f-9b6c-6bf083f17a5f}</UniqueIdentifier>
    </Filter>
    <Filter Include="Fichiers sources\Engine">
      <UniqueIdentifier>{64dcd37c-b1c1-4fd7-ad80-c72481ed48fc}</UniqueIdentifier>
    </Filter>
    <Filter Include="Fichiers sources\Engine\Maths">
      <UniqueIdentifier>{0ea2390d-f728-445d-a1a7-980a6d911a4e}</UniqueIdentifier>
    </Filter>
    <Filter Include="Fichiers sources\Actors">
      <UniqueIdentifier>{83b039ee-9bcc-42ea-8944-321319ddce3a}</UniqueIdentifier>
    </Filter>
    <Filter Include="Fichiers sources\Components">
      <UniqueIdentifier>{40d402cd-2266-4660-a8b4-66ec7f08b2ba}</UniqueIdentifier>
    </Filter>
    <Filter Include="Fichiers d%27en-tête\Scenes">
      <UniqueIdentifier>{d162fad2-8d6c-4cd9-b7ec-9396e4e1793b}</UniqueIdentifier>
    </Filter>
    <Filter Include="Fichiers sources\Scenes">
      <UniqueIdentifier>{db9493cd-2ba1-458f-8c99-93a6a7da0692}</UniqueIdentifier>
    </Filter>
  </ItemGroup>
  <ItemGroup>
    <ClCompile Include="main.cpp">
      <Filter>Fichiers sources</Filter>
    </ClCompile>
    <ClCompile Include="Engine\Maths\vector2.cpp">
      <Filter>Fichiers sources\Engine\Maths</Filter>
    </ClCompile>
    <ClCompile Include="Engine\Maths\vector3.cpp">
      <Filter>Fichiers sources\Engine\Maths</Filter>
    </ClCompile>
    <ClCompile Include="Engine\Maths\vector4.cpp">
      <Filter>Fichiers sources\Engine\Maths</Filter>
    </ClCompile>
    <ClCompile Include="Engine\transform2D.cpp">
      <Filter>Fichiers sources\Engine</Filter>
    </ClCompile>
    <ClCompile Include="Engine\window.cpp">
      <Filter>Fichiers sources\Engine</Filter>
    </ClCompile>
    <ClCompile Include="Engine\actor.cpp">
      <Filter>Fichiers sources\Engine</Filter>
    </ClCompile>
    <ClCompile Include="Engine\assets.cpp">
      <Filter>Fichiers sources\Engine</Filter>
    </ClCompile>
    <ClCompile Include="Engine\component.cpp">
      <Filter>Fichiers sources\Engine</Filter>
    </ClCompile>
    <ClCompile Include="Engine\game.cpp">
      <Filter>Fichiers sources\Engine</Filter>
    </ClCompile>
    <ClCompile Include="Engine\log.cpp">
      <Filter>Fichiers sources\Engine</Filter>
    </ClCompile>
    <ClCompile Include="Engine\rectangle.cpp">
      <Filter>Fichiers sources\Engine</Filter>
    </ClCompile>
    <ClCompile Include="Engine\renderer.cpp">
      <Filter>Fichiers sources\Engine</Filter>
    </ClCompile>
    <ClCompile Include="Engine\scene.cpp">
      <Filter>Fichiers sources\Engine</Filter>
    </ClCompile>
    <ClCompile Include="Engine\texture.cpp">
      <Filter>Fichiers sources\Engine</Filter>
    </ClCompile>
    <ClCompile Include="Engine\engineTime.cpp">
      <Filter>Fichiers sources\Engine</Filter>
    </ClCompile>
    <ClCompile Include="Actors\ballActor.cpp">
      <Filter>Fichiers sources\Actors</Filter>
    </ClCompile>
    <ClCompile Include="Actors\bulletActor.cpp">
      <Filter>Fichiers sources\Actors</Filter>
    </ClCompile>
    <ClCompile Include="Actors\invaderActor.cpp">
      <Filter>Fichiers sources\Actors</Filter>
    </ClCompile>
    <ClCompile Include="Actors\paddleActor.cpp">
      <Filter>Fichiers sources\Actors</Filter>
    </ClCompile>
    <ClCompile Include="Actors\playerActor.cpp">
      <Filter>Fichiers sources\Actors</Filter>
    </ClCompile>
    <ClCompile Include="Actors\wallActor.cpp">
      <Filter>Fichiers sources\Actors</Filter>
    </ClCompile>
    <ClCompile Include="Components\collider2DComponent.cpp">
      <Filter>Fichiers sources\Components</Filter>
    </ClCompile>
    <ClCompile Include="Components\movementsComponent.cpp">
      <Filter>Fichiers sources\Components</Filter>
    </ClCompile>
    <ClCompile Include="Components\spriteComponent.cpp">
      <Filter>Fichiers sources\Components</Filter>
    </ClCompile>
    <ClCompile Include="Scenes\mainScene.cpp">
      <Filter>Fichiers sources\Scenes</Filter>
    </ClCompile>
    <ClCompile Include="Scenes\pong.cpp">
      <Filter>Fichiers sources\Scenes</Filter>
    </ClCompile>
    <ClCompile Include="Scenes\spaceInvaders.cpp">
      <Filter>Fichiers sources\Scenes</Filter>
    </ClCompile>
    <ClCompile Include="Scenes\platformer.cpp">
      <Filter>Fichiers sources\Scenes</Filter>
    </ClCompile>
    <ClCompile Include="Components\animatedSpriteComponent.cpp">
      <Filter>Fichiers sources\Components</Filter>
    </ClCompile>
    <ClCompile Include="Actors\platformerPlayerActor.cpp">
      <Filter>Fichiers sources\Actors</Filter>
    </ClCompile>
    <ClCompile Include="Components\moveComponent.cpp">
      <Filter>Fichiers sources\Components</Filter>
    </ClCompile>
    <ClCompile Include="Engine\Inputs\inputEvent.cpp">
      <Filter>Fichiers sources</Filter>
    </ClCompile>
    <ClCompile Include="Engine\Inputs\inputManager.cpp">
      <Filter>Fichiers sources</Filter>
    </ClCompile>
    <ClCompile Include="Components\playerControllerComponent.cpp">
      <Filter>Fichiers sources</Filter>
    </ClCompile>
    <ClCompile Include="Engine\Colliders\collisionManager.cpp">
      <Filter>Fichiers sources</Filter>
    </ClCompile>
    <ClCompile Include="Engine\Colliders\colliderEvent.cpp">
      <Filter>Fichiers sources</Filter>
    </ClCompile>
    <ClCompile Include="Actors\platformActor.cpp">
      <Filter>Fichiers sources</Filter>
    </ClCompile>
    <ClCompile Include="Components\rigidBody.cpp">
      <Filter>Fichiers sources</Filter>
    </ClCompile>
  </ItemGroup>
  <ItemGroup>
    <Image Include="Imports\pokeball.png">
      <Filter>Fichiers de ressources</Filter>
    </Image>
    <Image Include="Imports\Bullet.png">
      <Filter>Fichiers de ressources</Filter>
    </Image>
    <Image Include="Imports\Invader.png">
      <Filter>Fichiers de ressources</Filter>
    </Image>
    <Image Include="Imports\SpaceShip.png">
      <Filter>Fichiers de ressources</Filter>
    </Image>
    <Image Include="Imports\Platform.png">
      <Filter>Fichiers de ressources</Filter>
    </Image>
  </ItemGroup>
  <ItemGroup>
    <ClInclude Include="Engine\Maths\maths.h">
      <Filter>Fichiers d%27en-tête\Engine\Maths</Filter>
    </ClInclude>
    <ClInclude Include="Engine\Maths\vector2.h">
      <Filter>Fichiers d%27en-tête\Engine\Maths</Filter>
    </ClInclude>
    <ClInclude Include="Engine\Maths\vector3.h">
      <Filter>Fichiers d%27en-tête\Engine\Maths</Filter>
    </ClInclude>
    <ClInclude Include="Engine\Maths\vector4.h">
      <Filter>Fichiers d%27en-tête\Engine\Maths</Filter>
    </ClInclude>
    <ClInclude Include="Engine\actor.h">
      <Filter>Fichiers d%27en-tête\Engine</Filter>
    </ClInclude>
    <ClInclude Include="Engine\actorState.h">
      <Filter>Fichiers d%27en-tête\Engine</Filter>
    </ClInclude>
    <ClInclude Include="Engine\assets.h">
      <Filter>Fichiers d%27en-tête\Engine</Filter>
    </ClInclude>
    <ClInclude Include="Engine\component.h">
      <Filter>Fichiers d%27en-tête\Engine</Filter>
    </ClInclude>
    <ClInclude Include="Engine\direction.h">
      <Filter>Fichiers d%27en-tête\Engine</Filter>
    </ClInclude>
    <ClInclude Include="Engine\game.h">
      <Filter>Fichiers d%27en-tête\Engine</Filter>
    </ClInclude>
    <ClInclude Include="Engine\log.h">
      <Filter>Fichiers d%27en-tête\Engine</Filter>
    </ClInclude>
    <ClInclude Include="Engine\rectangle.h">
      <Filter>Fichiers d%27en-tête\Engine</Filter>
    </ClInclude>
    <ClInclude Include="Engine\renderer.h">
      <Filter>Fichiers d%27en-tête\Engine</Filter>
    </ClInclude>
    <ClInclude Include="Engine\resource.h">
      <Filter>Fichiers d%27en-tête\Engine</Filter>
    </ClInclude>
    <ClInclude Include="Engine\scene.h">
      <Filter>Fichiers d%27en-tête\Engine</Filter>
    </ClInclude>
    <ClInclude Include="Engine\texture.h">
      <Filter>Fichiers d%27en-tête\Engine</Filter>
    </ClInclude>
    <ClInclude Include="Engine\engineTime.h">
      <Filter>Fichiers d%27en-tête\Engine</Filter>
    </ClInclude>
    <ClInclude Include="Engine\transform2D.h">
      <Filter>Fichiers d%27en-tête\Engine</Filter>
    </ClInclude>
    <ClInclude Include="Engine\window.h">
      <Filter>Fichiers d%27en-tête\Engine</Filter>
    </ClInclude>
    <ClInclude Include="Actors\ballActor.h">
      <Filter>Fichiers d%27en-tête\Actors</Filter>
    </ClInclude>
    <ClInclude Include="Actors\bulletActor.h">
      <Filter>Fichiers d%27en-tête\Actors</Filter>
    </ClInclude>
    <ClInclude Include="Actors\invaderActor.h">
      <Filter>Fichiers d%27en-tête\Actors</Filter>
    </ClInclude>
    <ClInclude Include="Actors\paddleActor.h">
      <Filter>Fichiers d%27en-tête\Actors</Filter>
    </ClInclude>
    <ClInclude Include="Actors\playerActor.h">
      <Filter>Fichiers d%27en-tête\Actors</Filter>
    </ClInclude>
    <ClInclude Include="Actors\wallActor.h">
      <Filter>Fichiers d%27en-tête\Actors</Filter>
    </ClInclude>
    <ClInclude Include="Components\collider2DComponent.h">
      <Filter>Fichiers d%27en-tête\Components</Filter>
    </ClInclude>
    <ClInclude Include="Components\movementsComponent.h">
      <Filter>Fichiers d%27en-tête\Components</Filter>
    </ClInclude>
    <ClInclude Include="Components\spriteComponent.h">
      <Filter>Fichiers d%27en-tête\Components</Filter>
    </ClInclude>
    <ClInclude Include="Scenes\mainScene.h">
      <Filter>Fichiers d%27en-tête\Scenes</Filter>
    </ClInclude>
    <ClInclude Include="Scenes\pong.h">
      <Filter>Fichiers d%27en-tête\Scenes</Filter>
    </ClInclude>
    <ClInclude Include="Scenes\spaceInvaders.h">
      <Filter>Fichiers d%27en-tête\Scenes</Filter>
    </ClInclude>
    <ClInclude Include="Scenes\platformer.h">
      <Filter>Fichiers d%27en-tête\Scenes</Filter>
    </ClInclude>
    <ClInclude Include="Components\animatedSpriteComponent.h">
      <Filter>Fichiers d%27en-tête\Components</Filter>
    </ClInclude>
    <ClInclude Include="Actors\platformerPlayerActor.h">
      <Filter>Fichiers d%27en-tête\Actors</Filter>
    </ClInclude>
    <ClInclude Include="Components\moveComponent.h">
      <Filter>Fichiers d%27en-tête\Components</Filter>
    </ClInclude>
    <ClInclude Include="Engine\Inputs\IInputListener.h">
      <Filter>Fichiers d%27en-tête</Filter>
    </ClInclude>
    <ClInclude Include="Engine\Inputs\inputEvent.h">
      <Filter>Fichiers d%27en-tête</Filter>
    </ClInclude>
    <ClInclude Include="Engine\Inputs\inputManager.h">
      <Filter>Fichiers d%27en-tête</Filter>
    </ClInclude>
    <ClInclude Include="Components\playerControllerComponent.h">
      <Filter>Fichiers d%27en-tête</Filter>
    </ClInclude>
    <ClInclude Include="Engine\Colliders\collisionManager.h">
      <Filter>Fichiers d%27en-tête</Filter>
    </ClInclude>
    <ClInclude Include="Engine\Colliders\IColliderListener.h">
      <Filter>Fichiers d%27en-tête</Filter>
    </ClInclude>
    <ClInclude Include="Engine\Colliders\colliderEvent.h">
      <Filter>Fichiers d%27en-tête</Filter>
    </ClInclude>
    <ClInclude Include="Actors\platformActor.h">
      <Filter>Fichiers d%27en-tête</Filter>
    </ClInclude>
    <ClInclude Include="Components\rigidBody.h">
      <Filter>Fichiers d%27en-tête</Filter>
    </ClInclude>
  </ItemGroup>
</Project>